<?xml version="1.0" encoding="utf-8"?>
<Project ToolsVersion="4.0" xmlns="http://schemas.microsoft.com/developer/msbuild/2003">
  <ItemGroup>
    <Filter Include="Source Files">
      <UniqueIdentifier>{4FC737F1-C7A5-4376-A066-2A32D752A2FF}</UniqueIdentifier>
      <Extensions>cpp;c;cc;cxx;def;odl;idl;hpj;bat;asm;asmx</Extensions>
    </Filter>
    <Filter Include="Header Files">
      <UniqueIdentifier>{93995380-89BD-4b04-88EB-625FBE52EBFB}</UniqueIdentifier>
      <Extensions>h;hh;hpp;hxx;hm;inl;inc;xsd</Extensions>
    </Filter>
    <Filter Include="Resource Files">
      <UniqueIdentifier>{67DA6AB6-F800-4c08-8B7A-83BB121AAD01}</UniqueIdentifier>
      <Extensions>rc;ico;cur;bmp;dlg;rc2;rct;bin;rgs;gif;jpg;jpeg;jpe;resx;tiff;tif;png;wav;mfcribbon-ms</Extensions>
    </Filter>
  </ItemGroup>
  <ItemGroup>
    <ClCompile Include="thesis.cpp">
      <Filter>Source Files</Filter>
    </ClCompile>
    <ClCompile Include="material.cpp">
      <Filter>Source Files</Filter>
    </ClCompile>
    <ClCompile Include="rk18.cpp">
      <Filter>Source Files</Filter>
    </ClCompile>
    <ClCompile Include="atmos.cpp">
      <Filter>Source Files</Filter>
    </ClCompile>
    <ClCompile Include="getHX.cpp">
      <Filter>Source Files</Filter>
    </ClCompile>
    <ClCompile Include="getDrag.cpp">
      <Filter>Source Files</Filter>
    </ClCompile>
    <ClCompile Include="s2sdot.cpp">
      <Filter>Source Files</Filter>
    </ClCompile>
    <ClCompile Include="vectorOps.cpp">
      <Filter>Source Files</Filter>
    </ClCompile>
    <ClCompile Include="usstdatm1976.cpp">
      <Filter>Source Files</Filter>
    </ClCompile>
    <ClCompile Include="usstdatm1976data.cpp">
      <Filter>Source Files</Filter>
    </ClCompile>
  </ItemGroup>
  <ItemGroup>
    <ClInclude Include="cylinder.h">
      <Filter>Header Files</Filter>
    </ClInclude>
    <ClInclude Include="material.h">
      <Filter>Header Files</Filter>
    </ClInclude>
    <ClInclude Include="rectPrism.h">
      <Filter>Header Files</Filter>
    </ClInclude>
    <ClInclude Include="rk18.h">
      <Filter>Header Files</Filter>
    </ClInclude>
    <ClInclude Include="sphere.h">
      <Filter>Header Files</Filter>
    </ClInclude>
    <ClInclude Include="vectorOps.h">
      <Filter>Header Files</Filter>
    </ClInclude>
    <ClInclude Include="shape.h">
      <Filter>Header Files</Filter>
    </ClInclude>
    <ClInclude Include="atmos.h">
      <Filter>Header Files</Filter>
    </ClInclude>
    <ClInclude Include="getHX.h">
      <Filter>Header Files</Filter>
    </ClInclude>
    <ClInclude Include="getDrag.h">
      <Filter>Header Files</Filter>
    </ClInclude>
    <ClInclude Include="s2sdot.h">
      <Filter>Header Files</Filter>
    </ClInclude>
    <ClInclude Include="materialsList.h">
      <Filter>Header Files</Filter>
    </ClInclude>
    <ClInclude Include="atmprops.h">
      <Filter>Header Files</Filter>
    </ClInclude>
    <ClInclude Include="usstdatm1976.h">
      <Filter>Header Files</Filter>
    </ClInclude>
    <ClInclude Include="usstdatm1976data.h">
      <Filter>Header Files</Filter>
    </ClInclude>
  </ItemGroup>
</Project>